
Microsoft Visual Studio Solution File, Format Version 12.00
# Visual Studio Version 16
VisualStudioVersion = 16.0.28922.388
MinimumVisualStudioVersion = 10.0.40219.1
Project("{FAE04EC0-301F-11D3-BF4B-00C04F79EFBC}") = "WarThunderQuiz", "WarThunderQuiz\WarThunderQuiz.csproj", "{BEC37075-6019-4213-8BCE-58F31BAFBE8D}"
EndProject
Global
	GlobalSection(SolutionConfigurationPlatforms) = preSolution
		Debug|Any CPU = Debug|Any CPU
		Release|Any CPU = Release|Any CPU
	EndGlobalSection
	GlobalSection(ProjectConfigurationPlatforms) = postSolution
		{BEC37075-6019-4213-8BCE-58F31BAFBE8D}.Debug|Any CPU.ActiveCfg = Debug|Any CPU
		{BEC37075-6019-4213-8BCE-58F31BAFBE8D}.Debug|Any CPU.Build.0 = Debug|Any CPU
		{BEC37075-6019-4213-8BCE-58F31BAFBE8D}.Debug|Any CPU.Deploy.0 = Debug|Any CPU
		{BEC37075-6019-4213-8BCE-58F31BAFBE8D}.Release|Any CPU.ActiveCfg = Release|Any CPU
		{BEC37075-6019-4213-8BCE-58F31BAFBE8D}.Release|Any CPU.Build.0 = Release|Any CPU
		{BEC37075-6019-4213-8BCE-58F31BAFBE8D}.Release|Any CPU.Deploy.0 = Release|Any CPU
	EndGlobalSection
	GlobalSection(SolutionProperties) = preSolution
		HideSolutionNode = FALSE
	EndGlobalSection
	GlobalSection(ExtensibilityGlobals) = postSolution
		SolutionGuid = {35D17F18-54EE-41F5-BDAB-205524A5E300}
	EndGlobalSection
EndGlobal
